
Microsoft Visual Studio Solution File, Format Version 12.00
# Visual Studio Version 16
VisualStudioVersion = 16.0.31624.102
MinimumVisualStudioVersion = 10.0.40219.1
Project("{8BC9CEB8-8B4A-11D0-8D11-00A0C91BC942}") = "TakePicture", "TakePicture\TakePicture.vcxproj", "{00EFE07A-EC36-4640-9DB6-10894FEC47FC}"
EndProject
Project("{8BC9CEB8-8B4A-11D0-8D11-00A0C91BC942}") = "QThreadTest", "QThreadTest\QThreadTest.vcxproj", "{A38DFBDE-4885-48A0-874A-9A9B1E608876}"
EndProject
Global
	GlobalSection(SolutionConfigurationPlatforms) = preSolution
		Debug|x64 = Debug|x64
		Debug|x86 = Debug|x86
		Release|x64 = Release|x64
		Release|x86 = Release|x86
	EndGlobalSection
	GlobalSection(ProjectConfigurationPlatforms) = postSolution
		{00EFE07A-EC36-4640-9DB6-10894FEC47FC}.Debug|x64.ActiveCfg = Debug|x64
		{00EFE07A-EC36-4640-9DB6-10894FEC47FC}.Debug|x64.Build.0 = Debug|x64
		{00EFE07A-EC36-4640-9DB6-10894FEC47FC}.Debug|x86.ActiveCfg = Debug|x64
		{00EFE07A-EC36-4640-9DB6-10894FEC47FC}.Release|x64.ActiveCfg = Release|x64
		{00EFE07A-EC36-4640-9DB6-10894FEC47FC}.Release|x64.Build.0 = Release|x64
		{00EFE07A-EC36-4640-9DB6-10894FEC47FC}.Release|x86.ActiveCfg = Release|x64
		{A38DFBDE-4885-48A0-874A-9A9B1E608876}.Debug|x64.ActiveCfg = Debug|x64
		{A38DFBDE-4885-48A0-874A-9A9B1E608876}.Debug|x64.Build.0 = Debug|x64
		{A38DFBDE-4885-48A0-874A-9A9B1E608876}.Debug|x86.ActiveCfg = Debug|x64
		{A38DFBDE-4885-48A0-874A-9A9B1E608876}.Release|x64.ActiveCfg = Release|x64
		{A38DFBDE-4885-48A0-874A-9A9B1E608876}.Release|x64.Build.0 = Release|x64
		{A38DFBDE-4885-48A0-874A-9A9B1E608876}.Release|x86.ActiveCfg = Release|x64
	EndGlobalSection
	GlobalSection(SolutionProperties) = preSolution
		HideSolutionNode = FALSE
	EndGlobalSection
	GlobalSection(ExtensibilityGlobals) = postSolution
		SolutionGuid = {172B1441-2A71-4673-84AC-6C61470390D9}
	EndGlobalSection
EndGlobal
